
Microsoft Visual Studio Solution File, Format Version 12.00
# Visual Studio Version 17
VisualStudioVersion = 17.7.34221.43
MinimumVisualStudioVersion = 10.0.40219.1
Project("{FAE04EC0-301F-11D3-BF4B-00C04F79EFBC}") = "MethodOverloading", "MethodOverloading\MethodOverloading.csproj", "{B62F2686-5890-4DC1-B10D-C6EC34E5F358}"
EndProject
Project("{FAE04EC0-301F-11D3-BF4B-00C04F79EFBC}") = "Proj1", "Proj1\Proj1.csproj", "{C4C789E5-9A67-483F-8A31-298B82846E35}"
EndProject
Global
	GlobalSection(SolutionConfigurationPlatforms) = preSolution
		Debug|Any CPU = Debug|Any CPU
		Release|Any CPU = Release|Any CPU
	EndGlobalSection
	GlobalSection(ProjectConfigurationPlatforms) = postSolution
		{B62F2686-5890-4DC1-B10D-C6EC34E5F358}.Debug|Any CPU.ActiveCfg = Debug|Any CPU
		{B62F2686-5890-4DC1-B10D-C6EC34E5F358}.Debug|Any CPU.Build.0 = Debug|Any CPU
		{B62F2686-5890-4DC1-B10D-C6EC34E5F358}.Release|Any CPU.ActiveCfg = Release|Any CPU
		{B62F2686-5890-4DC1-B10D-C6EC34E5F358}.Release|Any CPU.Build.0 = Release|Any CPU
		{C4C789E5-9A67-483F-8A31-298B82846E35}.Debug|Any CPU.ActiveCfg = Debug|Any CPU
		{C4C789E5-9A67-483F-8A31-298B82846E35}.Debug|Any CPU.Build.0 = Debug|Any CPU
		{C4C789E5-9A67-483F-8A31-298B82846E35}.Release|Any CPU.ActiveCfg = Release|Any CPU
		{C4C789E5-9A67-483F-8A31-298B82846E35}.Release|Any CPU.Build.0 = Release|Any CPU
	EndGlobalSection
	GlobalSection(SolutionProperties) = preSolution
		HideSolutionNode = FALSE
	EndGlobalSection
	GlobalSection(ExtensibilityGlobals) = postSolution
		SolutionGuid = {C8473322-3643-412D-9B1A-C1D9111F8366}
	EndGlobalSection
EndGlobal
